
Microsoft Visual Studio Solution File, Format Version 12.00
# Visual Studio Version 16
VisualStudioVersion = 16.0.29926.136
MinimumVisualStudioVersion = 10.0.40219.1
Project("{FAE04EC0-301F-11D3-BF4B-00C04F79EFBC}") = "FlaskChallange", "FlaskChallange\FlaskChallange.csproj", "{6B3EDF57-CDA6-4023-99F5-B8194218EC18}"
EndProject
Project("{FAE04EC0-301F-11D3-BF4B-00C04F79EFBC}") = "Tests", "Tests\Tests.csproj", "{9B7B8E9E-B26B-43C0-A874-BBCA28E45318}"
EndProject
Global
	GlobalSection(SolutionConfigurationPlatforms) = preSolution
		Debug|Any CPU = Debug|Any CPU
		Release|Any CPU = Release|Any CPU
	EndGlobalSection
	GlobalSection(ProjectConfigurationPlatforms) = postSolution
		{6B3EDF57-CDA6-4023-99F5-B8194218EC18}.Debug|Any CPU.ActiveCfg = Debug|Any CPU
		{6B3EDF57-CDA6-4023-99F5-B8194218EC18}.Debug|Any CPU.Build.0 = Debug|Any CPU
		{6B3EDF57-CDA6-4023-99F5-B8194218EC18}.Release|Any CPU.ActiveCfg = Release|Any CPU
		{6B3EDF57-CDA6-4023-99F5-B8194218EC18}.Release|Any CPU.Build.0 = Release|Any CPU
		{9B7B8E9E-B26B-43C0-A874-BBCA28E45318}.Debug|Any CPU.ActiveCfg = Debug|Any CPU
		{9B7B8E9E-B26B-43C0-A874-BBCA28E45318}.Debug|Any CPU.Build.0 = Debug|Any CPU
		{9B7B8E9E-B26B-43C0-A874-BBCA28E45318}.Release|Any CPU.ActiveCfg = Release|Any CPU
		{9B7B8E9E-B26B-43C0-A874-BBCA28E45318}.Release|Any CPU.Build.0 = Release|Any CPU
	EndGlobalSection
	GlobalSection(SolutionProperties) = preSolution
		HideSolutionNode = FALSE
	EndGlobalSection
	GlobalSection(ExtensibilityGlobals) = postSolution
		SolutionGuid = {CF099465-A3F9-482E-8826-FD708A6E2B50}
	EndGlobalSection
EndGlobal
